// !$*UTF8*$!
{
	archiveVersion = 1;
	classes = {
	};
	objectVersion = 46;
	objects = {

/* Begin PBXBuildFile section */
		80F0A63E1D206A1900FFB48A /* Uncurry.swift in Sources */ = {isa = PBXBuildFile; fileRef = 80F0A63D1D206A1900FFB48A /* Uncurry.swift */; };
		80F5CAA91D2553CB00625455 /* README.md in Sources */ = {isa = PBXBuildFile; fileRef = 80F5CAA81D2553CB00625455 /* README.md */; };
		_LinkFileRef_Formatting_via_FormattingTestSuite /* Formatting.framework in Frameworks */ = {isa = PBXBuildFile; fileRef = "_____Product_Formatting" /* Formatting.framework */; };
		__src_cc_ref_Sources/Date.swift /* Date.swift in Sources */ = {isa = PBXBuildFile; fileRef = __PBXFileRef_Sources/Date.swift /* Date.swift */; };
		__src_cc_ref_Sources/Formatter.swift /* Formatter.swift in Sources */ = {isa = PBXBuildFile; fileRef = __PBXFileRef_Sources/Formatter.swift /* Formatter.swift */; };
		__src_cc_ref_Sources/Formatters.swift /* Formatters.swift in Sources */ = {isa = PBXBuildFile; fileRef = __PBXFileRef_Sources/Formatters.swift /* Formatters.swift */; };
		__src_cc_ref_Sources/Operators.swift /* Operators.swift in Sources */ = {isa = PBXBuildFile; fileRef = __PBXFileRef_Sources/Operators.swift /* Operators.swift */; };
		__src_cc_ref_Tests/Formatting/FormattingTests.swift /* FormattingTests.swift in Sources */ = {isa = PBXBuildFile; fileRef = __PBXFileRef_Tests/Formatting/FormattingTests.swift /* FormattingTests.swift */; };
/* End PBXBuildFile section */

/* Begin PBXContainerItemProxy section */
		80F0A63B1D2040E400FFB48A /* PBXContainerItemProxy */ = {
			isa = PBXContainerItemProxy;
			containerPortal = __RootObject_ /* Project object */;
			proxyType = 1;
			remoteGlobalIDString = "______Target_Formatting";
			remoteInfo = Formatting;
		};
/* End PBXContainerItemProxy section */

/* Begin PBXFileReference section */
		80F0A63C1D2040F100FFB48A /* Formatting.playground */ = {isa = PBXFileReference; lastKnownFileType = file.playground; path = Formatting.playground; sourceTree = "<group>"; };
		80F0A63D1D206A1900FFB48A /* Uncurry.swift */ = {isa = PBXFileReference; fileEncoding = 4; lastKnownFileType = sourcecode.swift; path = Uncurry.swift; sourceTree = "<group>"; };
		80F5CAA81D2553CB00625455 /* README.md */ = {isa = PBXFileReference; fileEncoding = 4; lastKnownFileType = net.daringfireball.markdown; path = README.md; sourceTree = "<group>"; };
		80F5CAAA1D2553D100625455 /* LICENSE.txt */ = {isa = PBXFileReference; lastKnownFileType = text; path = LICENSE.txt; sourceTree = "<group>"; };
		__PBXFileRef_Formatting.xcodeproj/Configs/Project.xcconfig /* Project.xcconfig */ = {isa = PBXFileReference; lastKnownFileType = text.xcconfig; name = Project.xcconfig; path = Formatting.xcodeproj/Configs/Project.xcconfig; sourceTree = "<group>"; };
		__PBXFileRef_FormattingTestSuite_Info.plist /* FormattingTestSuite_Info.plist */ = {isa = PBXFileReference; lastKnownFileType = text.plist.xml; name = FormattingTestSuite_Info.plist; path = Formatting.xcodeproj/FormattingTestSuite_Info.plist; sourceTree = SOURCE_ROOT; };
		__PBXFileRef_Formatting_Info.plist /* Formatting_Info.plist */ = {isa = PBXFileReference; lastKnownFileType = text.plist.xml; name = Formatting_Info.plist; path = Formatting.xcodeproj/Formatting_Info.plist; sourceTree = SOURCE_ROOT; };
		__PBXFileRef_Package.swift /* Package.swift */ = {isa = PBXFileReference; lastKnownFileType = sourcecode.swift; path = Package.swift; sourceTree = "<group>"; };
		__PBXFileRef_Sources/Date.swift /* Date.swift */ = {isa = PBXFileReference; lastKnownFileType = sourcecode.swift; path = Date.swift; sourceTree = "<group>"; };
		__PBXFileRef_Sources/Formatter.swift /* Formatter.swift */ = {isa = PBXFileReference; lastKnownFileType = sourcecode.swift; path = Formatter.swift; sourceTree = "<group>"; };
		__PBXFileRef_Sources/Formatters.swift /* Formatters.swift */ = {isa = PBXFileReference; lastKnownFileType = sourcecode.swift; path = Formatters.swift; sourceTree = "<group>"; };
		__PBXFileRef_Sources/Operators.swift /* Operators.swift */ = {isa = PBXFileReference; lastKnownFileType = sourcecode.swift; path = Operators.swift; sourceTree = "<group>"; };
		__PBXFileRef_Tests/Formatting/FormattingTests.swift /* FormattingTests.swift */ = {isa = PBXFileReference; lastKnownFileType = sourcecode.swift; path = FormattingTests.swift; sourceTree = "<group>"; };
		"_____Product_Formatting" /* Formatting.framework */ = {isa = PBXFileReference; explicitFileType = wrapper.framework; path = Formatting.framework; sourceTree = BUILT_PRODUCTS_DIR; };
		"_____Product_FormattingTestSuite" /* FormattingTestSuite.xctest */ = {isa = PBXFileReference; lastKnownFileType = file; path = FormattingTestSuite.xctest; sourceTree = BUILT_PRODUCTS_DIR; };
/* End PBXFileReference section */

/* Begin PBXFrameworksBuildPhase section */
		"___LinkPhase_Formatting" /* Frameworks */ = {
			isa = PBXFrameworksBuildPhase;
			buildActionMask = 0;
			files = (
			);
			runOnlyForDeploymentPostprocessing = 0;
		};
		"___LinkPhase_FormattingTestSuite" /* Frameworks */ = {
			isa = PBXFrameworksBuildPhase;
			buildActionMask = 0;
			files = (
				_LinkFileRef_Formatting_via_FormattingTestSuite /* Formatting.framework in Frameworks */,
			);
			runOnlyForDeploymentPostprocessing = 0;
		};
/* End PBXFrameworksBuildPhase section */

/* Begin PBXGroup section */
		TestProducts_ /* Tests */ = {
			isa = PBXGroup;
			children = (
				"_____Product_FormattingTestSuite" /* FormattingTestSuite.xctest */,
			);
			name = Tests;
			sourceTree = "<group>";
		};
		"___RootGroup_" = {
			isa = PBXGroup;
			children = (
				80F5CAA81D2553CB00625455 /* README.md */,
				80F5CAAA1D2553D100625455 /* LICENSE.txt */,
				80F0A63C1D2040F100FFB48A /* Formatting.playground */,
				__PBXFileRef_Package.swift /* Package.swift */,
				"_____Configs_" /* Configs */,
				"_____Sources_" /* Sources */,
				"_______Tests_" /* Tests */,
				"____Products_" /* Products */,
			);
			sourceTree = "<group>";
		};
		"____Products_" /* Products */ = {
			isa = PBXGroup;
			children = (
				TestProducts_ /* Tests */,
				"_____Product_Formatting" /* Formatting.framework */,
			);
			name = Products;
			sourceTree = "<group>";
		};
		"_____Configs_" /* Configs */ = {
			isa = PBXGroup;
			children = (
				__PBXFileRef_Formatting.xcodeproj/Configs/Project.xcconfig /* Project.xcconfig */,
			);
			name = Configs;
			sourceTree = "<group>";
		};
		"_____Sources_" /* Sources */ = {
			isa = PBXGroup;
			children = (
				"_______Group_Formatting" /* Formatting */,
			);
			name = Sources;
			sourceTree = "<group>";
		};
		"_______Group_Formatting" /* Formatting */ = {
			isa = PBXGroup;
			children = (
				__PBXFileRef_Sources/Date.swift /* Date.swift */,
				__PBXFileRef_Sources/Formatter.swift /* Formatter.swift */,
				__PBXFileRef_Sources/Formatters.swift /* Formatters.swift */,
				__PBXFileRef_Sources/Operators.swift /* Operators.swift */,
				80F0A63D1D206A1900FFB48A /* Uncurry.swift */,
				__PBXFileRef_Formatting_Info.plist /* Formatting_Info.plist */,
			);
			name = Formatting;
			path = Sources;
			sourceTree = "<group>";
		};
		"_______Group_FormattingTestSuite" /* FormattingTestSuite */ = {
			isa = PBXGroup;
			children = (
				__PBXFileRef_Tests/Formatting/FormattingTests.swift /* FormattingTests.swift */,
				__PBXFileRef_FormattingTestSuite_Info.plist /* FormattingTestSuite_Info.plist */,
			);
			name = FormattingTestSuite;
			path = Tests/Formatting;
			sourceTree = "<group>";
		};
		"_______Tests_" /* Tests */ = {
			isa = PBXGroup;
			children = (
				"_______Group_FormattingTestSuite" /* FormattingTestSuite */,
			);
			name = Tests;
			sourceTree = "<group>";
		};
/* End PBXGroup section */

/* Begin PBXNativeTarget section */
		"______Target_Formatting" /* Formatting */ = {
			isa = PBXNativeTarget;
			buildConfigurationList = "_______Confs_Formatting" /* Build configuration list for PBXNativeTarget "Formatting" */;
			buildPhases = (
				CompilePhase_Formatting /* Sources */,
				"___LinkPhase_Formatting" /* Frameworks */,
			);
			buildRules = (
			);
			dependencies = (
			);
			name = Formatting;
			productName = Formatting;
			productReference = "_____Product_Formatting" /* Formatting.framework */;
			productType = "com.apple.product-type.framework";
		};
		"______Target_FormattingTestSuite" /* FormattingTestSuite */ = {
			isa = PBXNativeTarget;
			buildConfigurationList = "_______Confs_FormattingTestSuite" /* Build configuration list for PBXNativeTarget "FormattingTestSuite" */;
			buildPhases = (
				CompilePhase_FormattingTestSuite /* Sources */,
				"___LinkPhase_FormattingTestSuite" /* Frameworks */,
			);
			buildRules = (
			);
			dependencies = (
				__Dependency_Formatting /* PBXTargetDependency */,
			);
			name = FormattingTestSuite;
			productName = FormattingTestSuite;
			productReference = "_____Product_FormattingTestSuite" /* FormattingTestSuite.xctest */;
			productType = "com.apple.product-type.bundle.unit-test";
		};
/* End PBXNativeTarget section */

/* Begin PBXProject section */
		__RootObject_ /* Project object */ = {
			isa = PBXProject;
			attributes = {
				LastUpgradeCheck = 9999;
			};
			buildConfigurationList = "___RootConfs_" /* Build configuration list for PBXProject "Formatting" */;
			compatibilityVersion = "Xcode 3.2";
			developmentRegion = English;
			hasScannedForEncodings = 0;
			knownRegions = (
				en,
			);
			mainGroup = "___RootGroup_";
			productRefGroup = "____Products_" /* Products */;
			projectDirPath = "";
			projectRoot = "";
			targets = (
				"______Target_Formatting" /* Formatting */,
				"______Target_FormattingTestSuite" /* FormattingTestSuite */,
			);
		};
/* End PBXProject section */

/* Begin PBXSourcesBuildPhase section */
		CompilePhase_Formatting /* Sources */ = {
			isa = PBXSourcesBuildPhase;
			buildActionMask = 0;
			files = (
				80F5CAA91D2553CB00625455 /* README.md in Sources */,
				__src_cc_ref_Sources/Date.swift /* Date.swift in Sources */,
				__src_cc_ref_Sources/Formatter.swift /* Formatter.swift in Sources */,
				80F0A63E1D206A1900FFB48A /* Uncurry.swift in Sources */,
				__src_cc_ref_Sources/Formatters.swift /* Formatters.swift in Sources */,
				__src_cc_ref_Sources/Operators.swift /* Operators.swift in Sources */,
			);
			runOnlyForDeploymentPostprocessing = 0;
		};
		CompilePhase_FormattingTestSuite /* Sources */ = {
			isa = PBXSourcesBuildPhase;
			buildActionMask = 0;
			files = (
				__src_cc_ref_Tests/Formatting/FormattingTests.swift /* FormattingTests.swift in Sources */,
			);
			runOnlyForDeploymentPostprocessing = 0;
		};
/* End PBXSourcesBuildPhase section */

/* Begin PBXTargetDependency section */
		__Dependency_Formatting /* PBXTargetDependency */ = {
			isa = PBXTargetDependency;
			target = "______Target_Formatting" /* Formatting */;
			targetProxy = 80F0A63B1D2040E400FFB48A /* PBXContainerItemProxy */;
		};
/* End PBXTargetDependency section */

/* Begin XCBuildConfiguration section */
		_ReleaseConf_Formatting /* Release */ = {
			isa = XCBuildConfiguration;
			buildSettings = {
				ENABLE_TESTABILITY = YES;
				FRAMEWORK_SEARCH_PATHS = "$(PLATFORM_DIR)/Developer/Library/Frameworks";
				INFOPLIST_FILE = Formatting.xcodeproj/Formatting_Info.plist;
				LD_RUNPATH_SEARCH_PATHS = "$(TOOLCHAIN_DIR)/usr/lib/swift/macosx";
				OTHER_LDFLAGS = "$(inherited)";
				OTHER_SWIFT_FLAGS = "$(inherited)";
				PRODUCT_MODULE_NAME = "$(TARGET_NAME:c99extidentifier)";
				PRODUCT_NAME = "$(TARGET_NAME:c99extidentifier)";
			};
			name = Release;
		};
		_ReleaseConf_FormattingTestSuite /* Release */ = {
			isa = XCBuildConfiguration;
			buildSettings = {
				EMBEDDED_CONTENT_CONTAINS_SWIFT = YES;
				FRAMEWORK_SEARCH_PATHS = "$(PLATFORM_DIR)/Developer/Library/Frameworks";
				INFOPLIST_FILE = Formatting.xcodeproj/FormattingTestSuite_Info.plist;
				LD_RUNPATH_SEARCH_PATHS = "@loader_path/../Frameworks";
				OTHER_LDFLAGS = "$(inherited)";
				OTHER_SWIFT_FLAGS = "$(inherited)";
			};
			name = Release;
		};
		"___DebugConf_Formatting" /* Debug */ = {
			isa = XCBuildConfiguration;
			buildSettings = {
				ENABLE_TESTABILITY = YES;
				FRAMEWORK_SEARCH_PATHS = "$(PLATFORM_DIR)/Developer/Library/Frameworks";
				INFOPLIST_FILE = Formatting.xcodeproj/Formatting_Info.plist;
				LD_RUNPATH_SEARCH_PATHS = "$(TOOLCHAIN_DIR)/usr/lib/swift/macosx";
				OTHER_LDFLAGS = "$(inherited)";
				OTHER_SWIFT_FLAGS = "$(inherited)";
				PRODUCT_MODULE_NAME = "$(TARGET_NAME:c99extidentifier)";
				PRODUCT_NAME = "$(TARGET_NAME:c99extidentifier)";
				SWIFT_OPTIMIZATION_LEVEL = "-Onone";
			};
			name = Debug;
		};
		"___DebugConf_FormattingTestSuite" /* Debug */ = {
			isa = XCBuildConfiguration;
			buildSettings = {
				EMBEDDED_CONTENT_CONTAINS_SWIFT = YES;
				FRAMEWORK_SEARCH_PATHS = "$(PLATFORM_DIR)/Developer/Library/Frameworks";
				INFOPLIST_FILE = Formatting.xcodeproj/FormattingTestSuite_Info.plist;
				LD_RUNPATH_SEARCH_PATHS = "@loader_path/../Frameworks";
				OTHER_LDFLAGS = "$(inherited)";
				OTHER_SWIFT_FLAGS = "$(inherited)";
				SWIFT_OPTIMIZATION_LEVEL = "-Onone";
			};
			name = Debug;
		};
		"_____Release_" /* Release */ = {
			isa = XCBuildConfiguration;
			baseConfigurationReference = __PBXFileRef_Formatting.xcodeproj/Configs/Project.xcconfig /* Project.xcconfig */;
			buildSettings = {
			};
			name = Release;
		};
		"_______Debug_" /* Debug */ = {
			isa = XCBuildConfiguration;
			baseConfigurationReference = __PBXFileRef_Formatting.xcodeproj/Configs/Project.xcconfig /* Project.xcconfig */;
			buildSettings = {
			};
			name = Debug;
		};
/* End XCBuildConfiguration section */

/* Begin XCConfigurationList section */
		"___RootConfs_" /* Build configuration list for PBXProject "Formatting" */ = {
			isa = XCConfigurationList;
			buildConfigurations = (
				"_______Debug_" /* Debug */,
				"_____Release_" /* Release */,
			);
			defaultConfigurationIsVisible = 0;
			defaultConfigurationName = Debug;
		};
		"_______Confs_Formatting" /* Build configuration list for PBXNativeTarget "Formatting" */ = {
			isa = XCConfigurationList;
			buildConfigurations = (
				"___DebugConf_Formatting" /* Debug */,
				_ReleaseConf_Formatting /* Release */,
			);
			defaultConfigurationIsVisible = 0;
			defaultConfigurationName = Debug;
		};
		"_______Confs_FormattingTestSuite" /* Build configuration list for PBXNativeTarget "FormattingTestSuite" */ = {
			isa = XCConfigurationList;
			buildConfigurations = (
				"___DebugConf_FormattingTestSuite" /* Debug */,
				_ReleaseConf_FormattingTestSuite /* Release */,
			);
			defaultConfigurationIsVisible = 0;
			defaultConfigurationName = Debug;
		};
/* End XCConfigurationList section */
	};
	rootObject = __RootObject_ /* Project object */;
}
